<Solution>
  <Configurations>
    <Platform Name="Any CPU" />
    <Platform Name="x64" />
    <Platform Name="x86" />
  </Configurations>
  <Folder Name="/src/">
    <Project Path="src/Duende.IdentityServer.Demo.csproj" />
  </Folder>
  <Folder Name="/test/">
    <Project Path="test/SmokeTests/SmokeTests.csproj" />
  </Folder>
</Solution>
